// !$*UTF8*$!
{
	archiveVersion = 1;
	classes = {
	};
	objectVersion = 50;
	objects = {

/* Begin PBXBuildFile section */
		073B804F2FCA0209005115BA /* RecordEditView.swift in Sources */ = {isa = PBXBuildFile; fileRef = 073B804E2FCA0209005115BA /* RecordEditView.swift */; };
		076190072FC45CA400CBED3C /* PinPhotoApp.swift in Sources */ = {isa = PBXBuildFile; fileRef = 076190062FC45CA400CBED3C /* PinPhotoApp.swift */; };
		076190092FC45CA400CBED3C /* ContentView.swift in Sources */ = {isa = PBXBuildFile; fileRef = 076190082FC45CA400CBED3C /* ContentView.swift */; };
		0761900B2FC45CA500CBED3C /* Assets.xcassets in Resources */ = {isa = PBXBuildFile; fileRef = 0761900A2FC45CA500CBED3C /* Assets.xcassets */; };
		0761900E2FC45CA500CBED3C /* Preview Assets.xcassets in Resources */ = {isa = PBXBuildFile; fileRef = 0761900D2FC45CA500CBED3C /* Preview Assets.xcassets */; };
		076190162FC45FBF00CBED3C /* LocationManager.swift in Sources */ = {isa = PBXBuildFile; fileRef = 076190152FC45FBF00CBED3C /* LocationManager.swift */; };
		076589652FCC788600404F68 /* ImagePicker.swift in Sources */ = {isa = PBXBuildFile; fileRef = 076589642FCC788600404F68 /* ImagePicker.swift */; };
		076589682FCC8B8600404F68 /* VisitRecord.swift in Sources */ = {isa = PBXBuildFile; fileRef = 076589672FCC8B8600404F68 /* VisitRecord.swift */; };
		0765896A2FCC8CD100404F68 /* PinPhotoViewModel.swift in Sources */ = {isa = PBXBuildFile; fileRef = 076589692FCC8CD100404F68 /* PinPhotoViewModel.swift */; };
/* End PBXBuildFile section */

/* Begin PBXFileReference section */
		073B804E2FCA0209005115BA /* RecordEditView.swift */ = {isa = PBXFileReference; lastKnownFileType = sourcecode.swift; path = RecordEditView.swift; sourceTree = "<group>"; };
		076190032FC45CA400CBED3C /* PinPhoto.app */ = {isa = PBXFileReference; explicitFileType = wrapper.application; includeInIndex = 0; path = PinPhoto.app; sourceTree = BUILT_PRODUCTS_DIR; };
		076190062FC45CA400CBED3C /* PinPhotoApp.swift */ = {isa = PBXFileReference; lastKnownFileType = sourcecode.swift; path = PinPhotoApp.swift; sourceTree = "<group>"; };
		076190082FC45CA400CBED3C /* ContentView.swift */ = {isa = PBXFileReference; lastKnownFileType = sourcecode.swift; path = ContentView.swift; sourceTree = "<group>"; };
		0761900A2FC45CA500CBED3C /* Assets.xcassets */ = {isa = PBXFileReference; lastKnownFileType = folder.assetcatalog; path = Assets.xcassets; sourceTree = "<group>"; };
		0761900D2FC45CA500CBED3C /* Preview Assets.xcassets */ = {isa = PBXFileReference; lastKnownFileType = folder.assetcatalog; path = "Preview Assets.xcassets"; sourceTree = "<group>"; };
		0761900F2FC45CA500CBED3C /* Info.plist */ = {isa = PBXFileReference; lastKnownFileType = text.plist.xml; path = Info.plist; sourceTree = "<group>"; };
		076190152FC45FBF00CBED3C /* LocationManager.swift */ = {isa = PBXFileReference; lastKnownFileType = sourcecode.swift; path = LocationManager.swift; sourceTree = "<group>"; };
		076589642FCC788600404F68 /* ImagePicker.swift */ = {isa = PBXFileReference; lastKnownFileType = sourcecode.swift; path = ImagePicker.swift; sourceTree = "<group>"; };
		076589672FCC8B8600404F68 /* VisitRecord.swift */ = {isa = PBXFileReference; lastKnownFileType = sourcecode.swift; path = VisitRecord.swift; sourceTree = "<group>"; };
		076589692FCC8CD100404F68 /* PinPhotoViewModel.swift */ = {isa = PBXFileReference; lastKnownFileType = sourcecode.swift; path = PinPhotoViewModel.swift; sourceTree = "<group>"; };
/* End PBXFileReference section */

/* Begin PBXFrameworksBuildPhase section */
		076190002FC45CA400CBED3C /* Frameworks */ = {
			isa = PBXFrameworksBuildPhase;
			buildActionMask = 2147483647;
			files = (
			);
			runOnlyForDeploymentPostprocessing = 0;
		};
/* End PBXFrameworksBuildPhase section */

/* Begin PBXGroup section */
		07618FFA2FC45CA400CBED3C = {
			isa = PBXGroup;
			children = (
				076190052FC45CA400CBED3C /* PinPhoto */,
			);
			sourceTree = "<group>";
		};
		076190042FC45CA400CBED3C /* Products */ = {
			isa = PBXGroup;
			children = (
				076190032FC45CA400CBED3C /* PinPhoto.app */,
			);
			name = Products;
			path = ..;
			sourceTree = "<group>";
		};
		076190052FC45CA400CBED3C /* PinPhoto */ = {
			isa = PBXGroup;
			children = (
				076190062FC45CA400CBED3C /* PinPhotoApp.swift */,
				076190082FC45CA400CBED3C /* ContentView.swift */,
				0761900A2FC45CA500CBED3C /* Assets.xcassets */,
				0761900F2FC45CA500CBED3C /* Info.plist */,
				0761900C2FC45CA500CBED3C /* Preview Content */,
				076190152FC45FBF00CBED3C /* LocationManager.swift */,
				073B804E2FCA0209005115BA /* RecordEditView.swift */,
				076190042FC45CA400CBED3C /* Products */,
				076589642FCC788600404F68 /* ImagePicker.swift */,
				076589672FCC8B8600404F68 /* VisitRecord.swift */,
				076589692FCC8CD100404F68 /* PinPhotoViewModel.swift */,
			);
			path = PinPhoto;
			sourceTree = "<group>";
		};
		0761900C2FC45CA500CBED3C /* Preview Content */ = {
			isa = PBXGroup;
			children = (
				0761900D2FC45CA500CBED3C /* Preview Assets.xcassets */,
			);
			path = "Preview Content";
			sourceTree = "<group>";
		};
/* End PBXGroup section */

/* Begin PBXNativeTarget section */
		076190022FC45CA400CBED3C /* PinPhoto */ = {
			isa = PBXNativeTarget;
			buildConfigurationList = 076190122FC45CA500CBED3C /* Build configuration list for PBXNativeTarget "PinPhoto" */;
			buildPhases = (
				07618FFF2FC45CA400CBED3C /* Sources */,
				076190002FC45CA400CBED3C /* Frameworks */,
				076190012FC45CA400CBED3C /* Resources */,
			);
			buildRules = (
			);
			dependencies = (
			);
			name = PinPhoto;
			productName = PinPhoto;
			productReference = 076190032FC45CA400CBED3C /* PinPhoto.app */;
			productType = "com.apple.product-type.application";
		};
/* End PBXNativeTarget section */

/* Begin PBXProject section */
		07618FFB2FC45CA400CBED3C /* Project object */ = {
			isa = PBXProject;
			attributes = {
				LastSwiftUpdateCheck = 1250;
				LastUpgradeCheck = 1250;
				TargetAttributes = {
					076190022FC45CA400CBED3C = {
						CreatedOnToolsVersion = 12.5;
					};
				};
			};
			buildConfigurationList = 07618FFE2FC45CA400CBED3C /* Build configuration list for PBXProject "PinPhoto" */;
			compatibilityVersion = "Xcode 9.3";
			developmentRegion = en;
			hasScannedForEncodings = 0;
			knownRegions = (
				en,
				Base,
			);
			mainGroup = 07618FFA2FC45CA400CBED3C;
			productRefGroup = 076190042FC45CA400CBED3C /* Products */;
			projectDirPath = "";
			projectRoot = "";
			targets = (
				076190022FC45CA400CBED3C /* PinPhoto */,
			);
		};
/* End PBXProject section */

/* Begin PBXResourcesBuildPhase section */
		076190012FC45CA400CBED3C /* Resources */ = {
			isa = PBXResourcesBuildPhase;
			buildActionMask = 2147483647;
			files = (
				0761900E2FC45CA500CBED3C /* Preview Assets.xcassets in Resources */,
				0761900B2FC45CA500CBED3C /* Assets.xcassets in Resources */,
			);
			runOnlyForDeploymentPostprocessing = 0;
		};
/* End PBXResourcesBuildPhase section */

/* Begin PBXSourcesBuildPhase section */
		07618FFF2FC45CA400CBED3C /* Sources */ = {
			isa = PBXSourcesBuildPhase;
			buildActionMask = 2147483647;
			files = (
				076589682FCC8B8600404F68 /* VisitRecord.swift in Sources */,
				0765896A2FCC8CD100404F68 /* PinPhotoViewModel.swift in Sources */,
				076190092FC45CA400CBED3C /* ContentView.swift in Sources */,
				076190072FC45CA400CBED3C /* PinPhotoApp.swift in Sources */,
				076589652FCC788600404F68 /* ImagePicker.swift in Sources */,
				076190162FC45FBF00CBED3C /* LocationManager.swift in Sources */,
				073B804F2FCA0209005115BA /* RecordEditView.swift in Sources */,
			);
			runOnlyForDeploymentPostprocessing = 0;
		};
/* End PBXSourcesBuildPhase section */

/* Begin XCBuildConfiguration section */
		076190102FC45CA500CBED3C /* Debug */ = {
			isa = XCBuildConfiguration;
			buildSettings = {
				ALWAYS_SEARCH_USER_PATHS = NO;
				CLANG_ANALYZER_NONNULL = YES;
				CLANG_ANALYZER_NUMBER_OBJECT_CONVERSION = YES_AGGRESSIVE;
				CLANG_CXX_LANGUAGE_STANDARD = "gnu++14";
				CLANG_CXX_LIBRARY = "libc++";
				CLANG_ENABLE_MODULES = YES;
				CLANG_ENABLE_OBJC_ARC = YES;
				CLANG_ENABLE_OBJC_WEAK = YES;
				CLANG_WARN_BLOCK_CAPTURE_AUTORELEASING = YES;
				CLANG_WARN_BOOL_CONVERSION = YES;
				CLANG_WARN_COMMA = YES;
				CLANG_WARN_CONSTANT_CONVERSION = YES;
				CLANG_WARN_DEPRECATED_OBJC_IMPLEMENTATIONS = YES;
				CLANG_WARN_DIRECT_OBJC_ISA_USAGE = YES_ERROR;
				CLANG_WARN_DOCUMENTATION_COMMENTS = YES;
				CLANG_WARN_EMPTY_BODY = YES;
				CLANG_WARN_ENUM_CONVERSION = YES;
				CLANG_WARN_INFINITE_RECURSION = YES;
				CLANG_WARN_INT_CONVERSION = YES;
				CLANG_WARN_NON_LITERAL_NULL_CONVERSION = YES;
				CLANG_WARN_OBJC_IMPLICIT_RETAIN_SELF = YES;
				CLANG_WARN_OBJC_LITERAL_CONVERSION = YES;
				CLANG_WARN_OBJC_ROOT_CLASS = YES_ERROR;
				CLANG_WARN_QUOTED_INCLUDE_IN_FRAMEWORK_HEADER = YES;
				CLANG_WARN_RANGE_LOOP_ANALYSIS = YES;
				CLANG_WARN_STRICT_PROTOTYPES = YES;
				CLANG_WARN_SUSPICIOUS_MOVE = YES;
				CLANG_WARN_UNGUARDED_AVAILABILITY = YES_AGGRESSIVE;
				CLANG_WARN_UNREACHABLE_CODE = YES;
				CLANG_WARN__DUPLICATE_METHOD_MATCH = YES;
				COPY_PHASE_STRIP = NO;
				DEBUG_INFORMATION_FORMAT = dwarf;
				ENABLE_STRICT_OBJC_MSGSEND = YES;
				ENABLE_TESTABILITY = YES;
				GCC_C_LANGUAGE_STANDARD = gnu11;
				GCC_DYNAMIC_NO_PIC = NO;
				GCC_NO_COMMON_BLOCKS = YES;
				GCC_OPTIMIZATION_LEVEL = 0;
				GCC_PREPROCESSOR_DEFINITIONS = (
					"DEBUG=1",
					"$(inherited)",
				);
				GCC_WARN_64_TO_32_BIT_CONVERSION = YES;
				GCC_WARN_ABOUT_RETURN_TYPE = YES_ERROR;
				GCC_WARN_UNDECLARED_SELECTOR = YES;
				GCC_WARN_UNINITIALIZED_AUTOS = YES_AGGRESSIVE;
				GCC_WARN_UNUSED_FUNCTION = YES;
				GCC_WARN_UNUSED_VARIABLE = YES;
				IPHONEOS_DEPLOYMENT_TARGET = 14.5;
				MTL_ENABLE_DEBUG_INFO = INCLUDE_SOURCE;
				MTL_FAST_MATH = YES;
				ONLY_ACTIVE_ARCH = YES;
				SDKROOT = iphoneos;
				SWIFT_ACTIVE_COMPILATION_CONDITIONS = DEBUG;
				SWIFT_OPTIMIZATION_LEVEL = "-Onone";
			};
			name = Debug;
		};
		076190112FC45CA500CBED3C /* Release */ = {
			isa = XCBuildConfiguration;
			buildSettings = {
				ALWAYS_SEARCH_USER_PATHS = NO;
				CLANG_ANALYZER_NONNULL = YES;
				CLANG_ANALYZER_NUMBER_OBJECT_CONVERSION = YES_AGGRESSIVE;
				CLANG_CXX_LANGUAGE_STANDARD = "gnu++14";
				CLANG_CXX_LIBRARY = "libc++";
				CLANG_ENABLE_MODULES = YES;
				CLANG_ENABLE_OBJC_ARC = YES;
				CLANG_ENABLE_OBJC_WEAK = YES;
				CLANG_WARN_BLOCK_CAPTURE_AUTORELEASING = YES;
				CLANG_WARN_BOOL_CONVERSION = YES;
				CLANG_WARN_COMMA = YES;
				CLANG_WARN_CONSTANT_CONVERSION = YES;
				CLANG_WARN_DEPRECATED_OBJC_IMPLEMENTATIONS = YES;
				CLANG_WARN_DIRECT_OBJC_ISA_USAGE = YES_ERROR;
				CLANG_WARN_DOCUMENTATION_COMMENTS = YES;
				CLANG_WARN_EMPTY_BODY = YES;
				CLANG_WARN_ENUM_CONVERSION = YES;
				CLANG_WARN_INFINITE_RECURSION = YES;
				CLANG_WARN_INT_CONVERSION = YES;
				CLANG_WARN_NON_LITERAL_NULL_CONVERSION = YES;
				CLANG_WARN_OBJC_IMPLICIT_RETAIN_SELF = YES;
				CLANG_WARN_OBJC_LITERAL_CONVERSION = YES;
				CLANG_WARN_OBJC_ROOT_CLASS = YES_ERROR;
				CLANG_WARN_QUOTED_INCLUDE_IN_FRAMEWORK_HEADER = YES;
				CLANG_WARN_RANGE_LOOP_ANALYSIS = YES;
				CLANG_WARN_STRICT_PROTOTYPES = YES;
				CLANG_WARN_SUSPICIOUS_MOVE = YES;
				CLANG_WARN_UNGUARDED_AVAILABILITY = YES_AGGRESSIVE;
				CLANG_WARN_UNREACHABLE_CODE = YES;
				CLANG_WARN__DUPLICATE_METHOD_MATCH = YES;
				COPY_PHASE_STRIP = NO;
				DEBUG_INFORMATION_FORMAT = "dwarf-with-dsym";
				ENABLE_NS_ASSERTIONS = NO;
				ENABLE_STRICT_OBJC_MSGSEND = YES;
				GCC_C_LANGUAGE_STANDARD = gnu11;
				GCC_NO_COMMON_BLOCKS = YES;
				GCC_WARN_64_TO_32_BIT_CONVERSION = YES;
				GCC_WARN_ABOUT_RETURN_TYPE = YES_ERROR;
				GCC_WARN_UNDECLARED_SELECTOR = YES;
				GCC_WARN_UNINITIALIZED_AUTOS = YES_AGGRESSIVE;
				GCC_WARN_UNUSED_FUNCTION = YES;
				GCC_WARN_UNUSED_VARIABLE = YES;
				IPHONEOS_DEPLOYMENT_TARGET = 14.5;
				MTL_ENABLE_DEBUG_INFO = NO;
				MTL_FAST_MATH = YES;
				SDKROOT = iphoneos;
				SWIFT_COMPILATION_MODE = wholemodule;
				SWIFT_OPTIMIZATION_LEVEL = "-O";
				VALIDATE_PRODUCT = YES;
			};
			name = Release;
		};
		076190132FC45CA500CBED3C /* Debug */ = {
			isa = XCBuildConfiguration;
			buildSettings = {
				ASSETCATALOG_COMPILER_APPICON_NAME = AppIcon;
				ASSETCATALOG_COMPILER_GLOBAL_ACCENT_COLOR_NAME = AccentColor;
				CODE_SIGN_STYLE = Automatic;
				DEVELOPMENT_ASSET_PATHS = "\"PinPhoto/Preview Content\"";
				DEVELOPMENT_TEAM = 8TD2L52YQT;
				ENABLE_PREVIEWS = YES;
				INFOPLIST_FILE = PinPhoto/Info.plist;
				IPHONEOS_DEPLOYMENT_TARGET = 14.5;
				LD_RUNPATH_SEARCH_PATHS = (
					"$(inherited)",
					"@executable_path/Frameworks",
				);
				PRODUCT_BUNDLE_IDENTIFIER = seona.hansung.ac.kr.PinPhoto;
				PRODUCT_NAME = "$(TARGET_NAME)";
				SWIFT_VERSION = 5.0;
				TARGETED_DEVICE_FAMILY = "1,2";
			};
			name = Debug;
		};
		076190142FC45CA500CBED3C /* Release */ = {
			isa = XCBuildConfiguration;
			buildSettings = {
				ASSETCATALOG_COMPILER_APPICON_NAME = AppIcon;
				ASSETCATALOG_COMPILER_GLOBAL_ACCENT_COLOR_NAME = AccentColor;
				CODE_SIGN_STYLE = Automatic;
				DEVELOPMENT_ASSET_PATHS = "\"PinPhoto/Preview Content\"";
				DEVELOPMENT_TEAM = 8TD2L52YQT;
				ENABLE_PREVIEWS = YES;
				INFOPLIST_FILE = PinPhoto/Info.plist;
				IPHONEOS_DEPLOYMENT_TARGET = 14.5;
				LD_RUNPATH_SEARCH_PATHS = (
					"$(inherited)",
					"@executable_path/Frameworks",
				);
				PRODUCT_BUNDLE_IDENTIFIER = seona.hansung.ac.kr.PinPhoto;
				PRODUCT_NAME = "$(TARGET_NAME)";
				SWIFT_VERSION = 5.0;
				TARGETED_DEVICE_FAMILY = "1,2";
			};
			name = Release;
		};
/* End XCBuildConfiguration section */

/* Begin XCConfigurationList section */
		07618FFE2FC45CA400CBED3C /* Build configuration list for PBXProject "PinPhoto" */ = {
			isa = XCConfigurationList;
			buildConfigurations = (
				076190102FC45CA500CBED3C /* Debug */,
				076190112FC45CA500CBED3C /* Release */,
			);
			defaultConfigurationIsVisible = 0;
			defaultConfigurationName = Release;
		};
		076190122FC45CA500CBED3C /* Build configuration list for PBXNativeTarget "PinPhoto" */ = {
			isa = XCConfigurationList;
			buildConfigurations = (
				076190132FC45CA500CBED3C /* Debug */,
				076190142FC45CA500CBED3C /* Release */,
			);
			defaultConfigurationIsVisible = 0;
			defaultConfigurationName = Release;
		};
/* End XCConfigurationList section */
	};
	rootObject = 07618FFB2FC45CA400CBED3C /* Project object */;
}
